
Microsoft Visual Studio Solution File, Format Version 12.00
# Visual Studio Version 16
VisualStudioVersion = 16.0.31321.278
MinimumVisualStudioVersion = 10.0.40219.1
Project("{FAE04EC0-301F-11D3-BF4B-00C04F79EFBC}") = "Orai231005", "Orai231005\Orai231005.csproj", "{BD66F6F5-C40F-4598-837F-E9C6FB80EC45}"
EndProject
Global
	GlobalSection(SolutionConfigurationPlatforms) = preSolution
		Debug|Any CPU = Debug|Any CPU
		Release|Any CPU = Release|Any CPU
	EndGlobalSection
	GlobalSection(ProjectConfigurationPlatforms) = postSolution
		{BD66F6F5-C40F-4598-837F-E9C6FB80EC45}.Debug|Any CPU.ActiveCfg = Debug|Any CPU
		{BD66F6F5-C40F-4598-837F-E9C6FB80EC45}.Debug|Any CPU.Build.0 = Debug|Any CPU
		{BD66F6F5-C40F-4598-837F-E9C6FB80EC45}.Release|Any CPU.ActiveCfg = Release|Any CPU
		{BD66F6F5-C40F-4598-837F-E9C6FB80EC45}.Release|Any CPU.Build.0 = Release|Any CPU
	EndGlobalSection
	GlobalSection(SolutionProperties) = preSolution
		HideSolutionNode = FALSE
	EndGlobalSection
	GlobalSection(ExtensibilityGlobals) = postSolution
		SolutionGuid = {84BB7C5B-E626-4F0E-8A85-1AD652D94AB7}
	EndGlobalSection
EndGlobal
